{
  "name": "Final_Project_PAAWS_Back_End",
  "lockfileVersion": 3,
  "requires": true,
  "packages": {
    "": {
      "dependencies": {
        "@sweetalert2/theme-bulma": "^5.0.18",
        "sweetalert2": "^11.12.4"
      }
    },
    "node_modules/@sweetalert2/theme-bulma": {
      "version": "5.0.18",
      "resolved": "https://registry.npmjs.org/@sweetalert2/theme-bulma/-/theme-bulma-5.0.18.tgz",
      "integrity": "sha512-GmlNOFmgF9bw9XMAEz6kLWglvSLuNMtr/ThTYW6mEKkQw9M8s1WB/1H7s/nIn2IgamgOlz/fhDvDqX9ne5cgQg=="
    },
    "node_modules/sweetalert2": {
      "version": "11.12.4",
      "resolved": "https://registry.npmjs.org/sweetalert2/-/sweetalert2-11.12.4.tgz",
      "integrity": "sha512-ZSpyaLbAmn4b7xjnV9x9BFD1UOrCAhIzm1D8dZ443kGxtVKqbTIA5SgXs4xeEtmFfEXUyC3RBgpSlu1AXmCiHA==",
      "funding": {
        "type": "individual",
        "url": "https://github.com/sponsors/limonte"
      }
    }
  }
}
